
Microsoft Visual Studio Solution File, Format Version 12.00
# Visual Studio Version 16
VisualStudioVersion = 16.0.30517.126
MinimumVisualStudioVersion = 10.0.40219.1
Project("{FAE04EC0-301F-11D3-BF4B-00C04F79EFBC}") = "GaulHighschool", "GaulHighschool\GaulHighschool.csproj", "{81A9027B-4D6E-4088-8988-52B55AF13B99}"
EndProject
Global
	GlobalSection(SolutionConfigurationPlatforms) = preSolution
		Debug|Any CPU = Debug|Any CPU
		Release|Any CPU = Release|Any CPU
	EndGlobalSection
	GlobalSection(ProjectConfigurationPlatforms) = postSolution
		{81A9027B-4D6E-4088-8988-52B55AF13B99}.Debug|Any CPU.ActiveCfg = Debug|Any CPU
		{81A9027B-4D6E-4088-8988-52B55AF13B99}.Debug|Any CPU.Build.0 = Debug|Any CPU
		{81A9027B-4D6E-4088-8988-52B55AF13B99}.Release|Any CPU.ActiveCfg = Release|Any CPU
		{81A9027B-4D6E-4088-8988-52B55AF13B99}.Release|Any CPU.Build.0 = Release|Any CPU
	EndGlobalSection
	GlobalSection(SolutionProperties) = preSolution
		HideSolutionNode = FALSE
	EndGlobalSection
	GlobalSection(ExtensibilityGlobals) = postSolution
		SolutionGuid = {D1AD01F5-08BD-4EBB-A966-60302914E3D2}
	EndGlobalSection
EndGlobal
